
Microsoft Visual Studio Solution File, Format Version 12.00
# Visual Studio Version 16
VisualStudioVersion = 16.0.29613.14
MinimumVisualStudioVersion = 10.0.40219.1
Project("{9A19103F-16F7-4668-BE54-9A1E7A4F7556}") = "IdentityServer.MVC", "IdentityServer.MVC/IdentityServer.MVC.csproj", "{FB6C44F7-EE71-44DD-90D2-D1BC67148730}"
EndProject
Global
	GlobalSection(SolutionConfigurationPlatforms) = preSolution
		Debug|Any CPU = Debug|Any CPU
		Release|Any CPU = Release|Any CPU
	EndGlobalSection
	GlobalSection(ProjectConfigurationPlatforms) = postSolution
		{FB6C44F7-EE71-44DD-90D2-D1BC67148730}.Debug|Any CPU.ActiveCfg = Debug|Any CPU
		{FB6C44F7-EE71-44DD-90D2-D1BC67148730}.Debug|Any CPU.Build.0 = Debug|Any CPU
		{FB6C44F7-EE71-44DD-90D2-D1BC67148730}.Release|Any CPU.ActiveCfg = Release|Any CPU
		{FB6C44F7-EE71-44DD-90D2-D1BC67148730}.Release|Any CPU.Build.0 = Release|Any CPU
	EndGlobalSection
	GlobalSection(SolutionProperties) = preSolution
		HideSolutionNode = FALSE
	EndGlobalSection
	GlobalSection(ExtensibilityGlobals) = postSolution
		SolutionGuid = {D5A9BFB8-F1AA-4CC9-9DFC-C34B5B650561}
	EndGlobalSection
EndGlobal
